{
  "name": "frontend",
  "lockfileVersion": 3,
  "requires": true,
  "packages": {
    "": {
      "dependencies": {
        "tui-app-loader": "^2.1.6"
      }
    },
    "node_modules/tui-app-loader": {
      "version": "2.1.6",
      "resolved": "https://registry.npmjs.org/tui-app-loader/-/tui-app-loader-2.1.6.tgz",
      "integrity": "sha512-WZaq2tV5Uwbs+ip/OguL5xhfN+OwM3gWvnlaXLJ+kqsNX04riPYemV3pgP1mTVww6V1yGiHETLheJgP2gh2wtQ==",
      "dependencies": {
        "ua-parser-js": "^0.7.20"
      }
    },
    "node_modules/ua-parser-js": {
      "version": "0.7.36",
      "resolved": "https://registry.npmjs.org/ua-parser-js/-/ua-parser-js-0.7.36.tgz",
      "integrity": "sha512-CPPLoCts2p7D8VbybttE3P2ylv0OBZEAy7a12DsulIEcAiMtWJy+PBgMXgWDI80D5UwqE8oQPHYnk13tm38M2Q==",
      "funding": [
        {
          "type": "opencollective",
          "url": "https://opencollective.com/ua-parser-js"
        },
        {
          "type": "paypal",
          "url": "https://paypal.me/faisalman"
        },
        {
          "type": "github",
          "url": "https://github.com/sponsors/faisalman"
        }
      ],
      "engines": {
        "node": "*"
      }
    }
  }
}
